// !$*UTF8*$!
{
	archiveVersion = 1;
	classes = {
	};
	objectVersion = 46;
	objects = {

/* Begin PBXBuildFile section */
		28331C221F1C9EB70070288B /* AppDelegate.swift in Sources */ = {isa = PBXBuildFile; fileRef = 28331C201F1C9EB70070288B /* AppDelegate.swift */; };
		28331C231F1C9EB70070288B /* ViewController.swift in Sources */ = {isa = PBXBuildFile; fileRef = 28331C211F1C9EB70070288B /* ViewController.swift */; };
		28331C251F1CB3FE0070288B /* Utility.swift in Sources */ = {isa = PBXBuildFile; fileRef = 28331C241F1CB3FE0070288B /* Utility.swift */; };
		28331C271F1CB4A90070288B /* Constants.swift in Sources */ = {isa = PBXBuildFile; fileRef = 28331C261F1CB4A90070288B /* Constants.swift */; };
		28331C291F1CD1660070288B /* BaseViewController.swift in Sources */ = {isa = PBXBuildFile; fileRef = 28331C281F1CD1660070288B /* BaseViewController.swift */; };
		28331C2B1F1CD17E0070288B /* MenuViewController.swift in Sources */ = {isa = PBXBuildFile; fileRef = 28331C2A1F1CD17E0070288B /* MenuViewController.swift */; };
		28331C2D1F1CD2E40070288B /* ProjectsVC.swift in Sources */ = {isa = PBXBuildFile; fileRef = 28331C2C1F1CD2E40070288B /* ProjectsVC.swift */; };
		BAA5A0401F1CBAEB008FE240 /* LogInVc.swift in Sources */ = {isa = PBXBuildFile; fileRef = BAA5A03F1F1CBAEB008FE240 /* LogInVc.swift */; };
		BAA5A0421F1CBF1E008FE240 /* Homevc.swift in Sources */ = {isa = PBXBuildFile; fileRef = BAA5A0411F1CBF1E008FE240 /* Homevc.swift */; };
		FD232EE01F1C996500C299BA /* Main.storyboard in Resources */ = {isa = PBXBuildFile; fileRef = FD232EDE1F1C996500C299BA /* Main.storyboard */; };
		FD232EE21F1C996500C299BA /* Assets.xcassets in Resources */ = {isa = PBXBuildFile; fileRef = FD232EE11F1C996500C299BA /* Assets.xcassets */; };
		FD232EE51F1C996500C299BA /* LaunchScreen.storyboard in Resources */ = {isa = PBXBuildFile; fileRef = FD232EE31F1C996500C299BA /* LaunchScreen.storyboard */; };
/* End PBXBuildFile section */

/* Begin PBXFileReference section */
		28331C201F1C9EB70070288B /* AppDelegate.swift */ = {isa = PBXFileReference; fileEncoding = 4; lastKnownFileType = sourcecode.swift; path = AppDelegate.swift; sourceTree = "<group>"; };
		28331C211F1C9EB70070288B /* ViewController.swift */ = {isa = PBXFileReference; fileEncoding = 4; lastKnownFileType = sourcecode.swift; path = ViewController.swift; sourceTree = "<group>"; };
		28331C241F1CB3FE0070288B /* Utility.swift */ = {isa = PBXFileReference; fileEncoding = 4; lastKnownFileType = sourcecode.swift; path = Utility.swift; sourceTree = "<group>"; };
		28331C261F1CB4A90070288B /* Constants.swift */ = {isa = PBXFileReference; fileEncoding = 4; lastKnownFileType = sourcecode.swift; path = Constants.swift; sourceTree = "<group>"; };
		28331C281F1CD1660070288B /* BaseViewController.swift */ = {isa = PBXFileReference; fileEncoding = 4; lastKnownFileType = sourcecode.swift; path = BaseViewController.swift; sourceTree = "<group>"; };
		28331C2A1F1CD17E0070288B /* MenuViewController.swift */ = {isa = PBXFileReference; fileEncoding = 4; lastKnownFileType = sourcecode.swift; path = MenuViewController.swift; sourceTree = "<group>"; };
		28331C2C1F1CD2E40070288B /* ProjectsVC.swift */ = {isa = PBXFileReference; fileEncoding = 4; lastKnownFileType = sourcecode.swift; path = ProjectsVC.swift; sourceTree = "<group>"; };
		BAA5A03F1F1CBAEB008FE240 /* LogInVc.swift */ = {isa = PBXFileReference; fileEncoding = 4; lastKnownFileType = sourcecode.swift; path = LogInVc.swift; sourceTree = "<group>"; };
		BAA5A0411F1CBF1E008FE240 /* Homevc.swift */ = {isa = PBXFileReference; fileEncoding = 4; lastKnownFileType = sourcecode.swift; path = Homevc.swift; sourceTree = "<group>"; };
		FD232ED71F1C996500C299BA /* JiraApp.app */ = {isa = PBXFileReference; explicitFileType = wrapper.application; includeInIndex = 0; path = JiraApp.app; sourceTree = BUILT_PRODUCTS_DIR; };
		FD232EDF1F1C996500C299BA /* Base */ = {isa = PBXFileReference; lastKnownFileType = file.storyboard; name = Base; path = Base.lproj/Main.storyboard; sourceTree = "<group>"; };
		FD232EE11F1C996500C299BA /* Assets.xcassets */ = {isa = PBXFileReference; lastKnownFileType = folder.assetcatalog; path = Assets.xcassets; sourceTree = "<group>"; };
		FD232EE41F1C996500C299BA /* Base */ = {isa = PBXFileReference; lastKnownFileType = file.storyboard; name = Base; path = Base.lproj/LaunchScreen.storyboard; sourceTree = "<group>"; };
		FD232EE61F1C996500C299BA /* Info.plist */ = {isa = PBXFileReference; lastKnownFileType = text.plist.xml; path = Info.plist; sourceTree = "<group>"; };
/* End PBXFileReference section */

/* Begin PBXFrameworksBuildPhase section */
		FD232ED41F1C996500C299BA /* Frameworks */ = {
			isa = PBXFrameworksBuildPhase;
			buildActionMask = 2147483647;
			files = (
			);
			runOnlyForDeploymentPostprocessing = 0;
		};
/* End PBXFrameworksBuildPhase section */

/* Begin PBXGroup section */
		28331C171F1C9DE10070288B /* Resources */ = {
			isa = PBXGroup;
			children = (
				FD232EE11F1C996500C299BA /* Assets.xcassets */,
			);
			name = Resources;
			sourceTree = "<group>";
		};
		28331C1A1F1C9E6B0070288B /* Network */ = {
			isa = PBXGroup;
			children = (
			);
			path = Network;
			sourceTree = "<group>";
		};
		28331C1B1F1C9E6B0070288B /* Utility */ = {
			isa = PBXGroup;
			children = (
				28331C241F1CB3FE0070288B /* Utility.swift */,
			);
			path = Utility;
			sourceTree = "<group>";
		};
		28331C1C1F1C9E6B0070288B /* Constants */ = {
			isa = PBXGroup;
			children = (
				28331C261F1CB4A90070288B /* Constants.swift */,
			);
			path = Constants;
			sourceTree = "<group>";
		};
		28331C1D1F1C9E6B0070288B /* View */ = {
			isa = PBXGroup;
			children = (
				FD232EDE1F1C996500C299BA /* Main.storyboard */,
			);
			path = View;
			sourceTree = "<group>";
		};
		28331C1E1F1C9E6B0070288B /* Model */ = {
			isa = PBXGroup;
			children = (
			);
			path = Model;
			sourceTree = "<group>";
		};
		28331C1F1F1C9EB70070288B /* Controller */ = {
			isa = PBXGroup;
			children = (
				28331C201F1C9EB70070288B /* AppDelegate.swift */,
				28331C281F1CD1660070288B /* BaseViewController.swift */,
				28331C2A1F1CD17E0070288B /* MenuViewController.swift */,
				28331C211F1C9EB70070288B /* ViewController.swift */,
				BAA5A03F1F1CBAEB008FE240 /* LogInVc.swift */,
				BAA5A0411F1CBF1E008FE240 /* Homevc.swift */,
				28331C2C1F1CD2E40070288B /* ProjectsVC.swift */,
			);
			path = Controller;
			sourceTree = "<group>";
		};
		FD232ECE1F1C996500C299BA = {
			isa = PBXGroup;
			children = (
				FD232ED91F1C996500C299BA /* JiraApp */,
				FD232ED81F1C996500C299BA /* Products */,
			);
			sourceTree = "<group>";
		};
		FD232ED81F1C996500C299BA /* Products */ = {
			isa = PBXGroup;
			children = (
				FD232ED71F1C996500C299BA /* JiraApp.app */,
			);
			name = Products;
			sourceTree = "<group>";
		};
		FD232ED91F1C996500C299BA /* JiraApp */ = {
			isa = PBXGroup;
			children = (
				28331C1F1F1C9EB70070288B /* Controller */,
				28331C1A1F1C9E6B0070288B /* Network */,
				28331C1B1F1C9E6B0070288B /* Utility */,
				28331C1C1F1C9E6B0070288B /* Constants */,
				28331C1D1F1C9E6B0070288B /* View */,
				28331C1E1F1C9E6B0070288B /* Model */,
				28331C171F1C9DE10070288B /* Resources */,
				FD232EE31F1C996500C299BA /* LaunchScreen.storyboard */,
				FD232EE61F1C996500C299BA /* Info.plist */,
			);
			path = JiraApp;
			sourceTree = "<group>";
		};
/* End PBXGroup section */

/* Begin PBXNativeTarget section */
		FD232ED61F1C996500C299BA /* JiraApp */ = {
			isa = PBXNativeTarget;
			buildConfigurationList = FD232EE91F1C996500C299BA /* Build configuration list for PBXNativeTarget "JiraApp" */;
			buildPhases = (
				FD232ED31F1C996500C299BA /* Sources */,
				FD232ED41F1C996500C299BA /* Frameworks */,
				FD232ED51F1C996500C299BA /* Resources */,
			);
			buildRules = (
			);
			dependencies = (
			);
			name = JiraApp;
			productName = JiraApp;
			productReference = FD232ED71F1C996500C299BA /* JiraApp.app */;
			productType = "com.apple.product-type.application";
		};
/* End PBXNativeTarget section */

/* Begin PBXProject section */
		FD232ECF1F1C996500C299BA /* Project object */ = {
			isa = PBXProject;
			attributes = {
				LastSwiftUpdateCheck = 0820;
				LastUpgradeCheck = 0820;
				ORGANIZATIONNAME = Ranvijay;
				TargetAttributes = {
					FD232ED61F1C996500C299BA = {
						CreatedOnToolsVersion = 8.2.1;
						ProvisioningStyle = Automatic;
					};
				};
			};
			buildConfigurationList = FD232ED21F1C996500C299BA /* Build configuration list for PBXProject "JiraApp" */;
			compatibilityVersion = "Xcode 3.2";
			developmentRegion = English;
			hasScannedForEncodings = 0;
			knownRegions = (
				en,
				Base,
			);
			mainGroup = FD232ECE1F1C996500C299BA;
			productRefGroup = FD232ED81F1C996500C299BA /* Products */;
			projectDirPath = "";
			projectRoot = "";
			targets = (
				FD232ED61F1C996500C299BA /* JiraApp */,
			);
		};
/* End PBXProject section */

/* Begin PBXResourcesBuildPhase section */
		FD232ED51F1C996500C299BA /* Resources */ = {
			isa = PBXResourcesBuildPhase;
			buildActionMask = 2147483647;
			files = (
				FD232EE51F1C996500C299BA /* LaunchScreen.storyboard in Resources */,
				FD232EE21F1C996500C299BA /* Assets.xcassets in Resources */,
				FD232EE01F1C996500C299BA /* Main.storyboard in Resources */,
			);
			runOnlyForDeploymentPostprocessing = 0;
		};
/* End PBXResourcesBuildPhase section */

/* Begin PBXSourcesBuildPhase section */
		FD232ED31F1C996500C299BA /* Sources */ = {
			isa = PBXSourcesBuildPhase;
			buildActionMask = 2147483647;
			files = (
				28331C221F1C9EB70070288B /* AppDelegate.swift in Sources */,
				BAA5A0421F1CBF1E008FE240 /* Homevc.swift in Sources */,
				28331C231F1C9EB70070288B /* ViewController.swift in Sources */,
				28331C251F1CB3FE0070288B /* Utility.swift in Sources */,
				BAA5A0401F1CBAEB008FE240 /* LogInVc.swift in Sources */,
				28331C291F1CD1660070288B /* BaseViewController.swift in Sources */,
				28331C2D1F1CD2E40070288B /* ProjectsVC.swift in Sources */,
				28331C271F1CB4A90070288B /* Constants.swift in Sources */,
				28331C2B1F1CD17E0070288B /* MenuViewController.swift in Sources */,
			);
			runOnlyForDeploymentPostprocessing = 0;
		};
/* End PBXSourcesBuildPhase section */

/* Begin PBXVariantGroup section */
		FD232EDE1F1C996500C299BA /* Main.storyboard */ = {
			isa = PBXVariantGroup;
			children = (
				FD232EDF1F1C996500C299BA /* Base */,
			);
			name = Main.storyboard;
			path = ..;
			sourceTree = "<group>";
		};
		FD232EE31F1C996500C299BA /* LaunchScreen.storyboard */ = {
			isa = PBXVariantGroup;
			children = (
				FD232EE41F1C996500C299BA /* Base */,
			);
			name = LaunchScreen.storyboard;
			sourceTree = "<group>";
		};
/* End PBXVariantGroup section */

/* Begin XCBuildConfiguration section */
		FD232EE71F1C996500C299BA /* Debug */ = {
			isa = XCBuildConfiguration;
			buildSettings = {
				ALWAYS_SEARCH_USER_PATHS = NO;
				CLANG_ANALYZER_NONNULL = YES;
				CLANG_CXX_LANGUAGE_STANDARD = "gnu++0x";
				CLANG_CXX_LIBRARY = "libc++";
				CLANG_ENABLE_MODULES = YES;
				CLANG_ENABLE_OBJC_ARC = YES;
				CLANG_WARN_BOOL_CONVERSION = YES;
				CLANG_WARN_CONSTANT_CONVERSION = YES;
				CLANG_WARN_DIRECT_OBJC_ISA_USAGE = YES_ERROR;
				CLANG_WARN_DOCUMENTATION_COMMENTS = YES;
				CLANG_WARN_EMPTY_BODY = YES;
				CLANG_WARN_ENUM_CONVERSION = YES;
				CLANG_WARN_INFINITE_RECURSION = YES;
				CLANG_WARN_INT_CONVERSION = YES;
				CLANG_WARN_OBJC_ROOT_CLASS = YES_ERROR;
				CLANG_WARN_SUSPICIOUS_MOVE = YES;
				CLANG_WARN_UNREACHABLE_CODE = YES;
				CLANG_WARN__DUPLICATE_METHOD_MATCH = YES;
				"CODE_SIGN_IDENTITY[sdk=iphoneos*]" = "iPhone Developer";
				COPY_PHASE_STRIP = NO;
				DEBUG_INFORMATION_FORMAT = dwarf;
				ENABLE_STRICT_OBJC_MSGSEND = YES;
				ENABLE_TESTABILITY = YES;
				GCC_C_LANGUAGE_STANDARD = gnu99;
				GCC_DYNAMIC_NO_PIC = NO;
				GCC_NO_COMMON_BLOCKS = YES;
				GCC_OPTIMIZATION_LEVEL = 0;
				GCC_PREPROCESSOR_DEFINITIONS = (
					"DEBUG=1",
					"$(inherited)",
				);
				GCC_WARN_64_TO_32_BIT_CONVERSION = YES;
				GCC_WARN_ABOUT_RETURN_TYPE = YES_ERROR;
				GCC_WARN_UNDECLARED_SELECTOR = YES;
				GCC_WARN_UNINITIALIZED_AUTOS = YES_AGGRESSIVE;
				GCC_WARN_UNUSED_FUNCTION = YES;
				GCC_WARN_UNUSED_VARIABLE = YES;
				IPHONEOS_DEPLOYMENT_TARGET = 10.2;
				MTL_ENABLE_DEBUG_INFO = YES;
				ONLY_ACTIVE_ARCH = YES;
				SDKROOT = iphoneos;
				SWIFT_ACTIVE_COMPILATION_CONDITIONS = DEBUG;
				SWIFT_OPTIMIZATION_LEVEL = "-Onone";
				TARGETED_DEVICE_FAMILY = "1,2";
			};
			name = Debug;
		};
		FD232EE81F1C996500C299BA /* Release */ = {
			isa = XCBuildConfiguration;
			buildSettings = {
				ALWAYS_SEARCH_USER_PATHS = NO;
				CLANG_ANALYZER_NONNULL = YES;
				CLANG_CXX_LANGUAGE_STANDARD = "gnu++0x";
				CLANG_CXX_LIBRARY = "libc++";
				CLANG_ENABLE_MODULES = YES;
				CLANG_ENABLE_OBJC_ARC = YES;
				CLANG_WARN_BOOL_CONVERSION = YES;
				CLANG_WARN_CONSTANT_CONVERSION = YES;
				CLANG_WARN_DIRECT_OBJC_ISA_USAGE = YES_ERROR;
				CLANG_WARN_DOCUMENTATION_COMMENTS = YES;
				CLANG_WARN_EMPTY_BODY = YES;
				CLANG_WARN_ENUM_CONVERSION = YES;
				CLANG_WARN_INFINITE_RECURSION = YES;
				CLANG_WARN_INT_CONVERSION = YES;
				CLANG_WARN_OBJC_ROOT_CLASS = YES_ERROR;
				CLANG_WARN_SUSPICIOUS_MOVE = YES;
				CLANG_WARN_UNREACHABLE_CODE = YES;
				CLANG_WARN__DUPLICATE_METHOD_MATCH = YES;
				"CODE_SIGN_IDENTITY[sdk=iphoneos*]" = "iPhone Developer";
				COPY_PHASE_STRIP = NO;
				DEBUG_INFORMATION_FORMAT = "dwarf-with-dsym";
				ENABLE_NS_ASSERTIONS = NO;
				ENABLE_STRICT_OBJC_MSGSEND = YES;
				GCC_C_LANGUAGE_STANDARD = gnu99;
				GCC_NO_COMMON_BLOCKS = YES;
				GCC_WARN_64_TO_32_BIT_CONVERSION = YES;
				GCC_WARN_ABOUT_RETURN_TYPE = YES_ERROR;
				GCC_WARN_UNDECLARED_SELECTOR = YES;
				GCC_WARN_UNINITIALIZED_AUTOS = YES_AGGRESSIVE;
				GCC_WARN_UNUSED_FUNCTION = YES;
				GCC_WARN_UNUSED_VARIABLE = YES;
				IPHONEOS_DEPLOYMENT_TARGET = 10.2;
				MTL_ENABLE_DEBUG_INFO = NO;
				SDKROOT = iphoneos;
				SWIFT_OPTIMIZATION_LEVEL = "-Owholemodule";
				TARGETED_DEVICE_FAMILY = "1,2";
				VALIDATE_PRODUCT = YES;
			};
			name = Release;
		};
		FD232EEA1F1C996500C299BA /* Debug */ = {
			isa = XCBuildConfiguration;
			buildSettings = {
				ASSETCATALOG_COMPILER_APPICON_NAME = AppIcon;
				INFOPLIST_FILE = JiraApp/Info.plist;
				IPHONEOS_DEPLOYMENT_TARGET = 10.0;
				LD_RUNPATH_SEARCH_PATHS = "$(inherited) @executable_path/Frameworks";
				PRODUCT_BUNDLE_IDENTIFIER = com.incedo.JiraApp;
				PRODUCT_NAME = "$(TARGET_NAME)";
				SWIFT_VERSION = 3.0;
			};
			name = Debug;
		};
		FD232EEB1F1C996500C299BA /* Release */ = {
			isa = XCBuildConfiguration;
			buildSettings = {
				ASSETCATALOG_COMPILER_APPICON_NAME = AppIcon;
				INFOPLIST_FILE = JiraApp/Info.plist;
				IPHONEOS_DEPLOYMENT_TARGET = 10.0;
				LD_RUNPATH_SEARCH_PATHS = "$(inherited) @executable_path/Frameworks";
				PRODUCT_BUNDLE_IDENTIFIER = com.incedo.JiraApp;
				PRODUCT_NAME = "$(TARGET_NAME)";
				SWIFT_VERSION = 3.0;
			};
			name = Release;
		};
/* End XCBuildConfiguration section */

/* Begin XCConfigurationList section */
		FD232ED21F1C996500C299BA /* Build configuration list for PBXProject "JiraApp" */ = {
			isa = XCConfigurationList;
			buildConfigurations = (
				FD232EE71F1C996500C299BA /* Debug */,
				FD232EE81F1C996500C299BA /* Release */,
			);
			defaultConfigurationIsVisible = 0;
			defaultConfigurationName = Release;
		};
		FD232EE91F1C996500C299BA /* Build configuration list for PBXNativeTarget "JiraApp" */ = {
			isa = XCConfigurationList;
			buildConfigurations = (
				FD232EEA1F1C996500C299BA /* Debug */,
				FD232EEB1F1C996500C299BA /* Release */,
			);
			defaultConfigurationIsVisible = 0;
			defaultConfigurationName = Release;
		};
/* End XCConfigurationList section */
	};
	rootObject = FD232ECF1F1C996500C299BA /* Project object */;
}
